
Microsoft Visual Studio Solution File, Format Version 12.00
# Visual Studio Version 17
VisualStudioVersion = 17.9.34622.214
MinimumVisualStudioVersion = 10.0.40219.1
Project("{FAE04EC0-301F-11D3-BF4B-00C04F79EFBC}") = "NotesAndReminders.Server", "NotesAndReminders.Server\NotesAndReminders.Server.csproj", "{58055322-A6B9-4A8F-9E47-CA65EDF7C467}"
EndProject
Project("{54A90642-561A-4BB1-A94E-469ADEE60C69}") = "notesandreminders.client", "notesandreminders.client\notesandreminders.client.esproj", "{782B959E-C332-4C12-900B-8B595A2AFEF9}"
EndProject
Project("{FAE04EC0-301F-11D3-BF4B-00C04F79EFBC}") = "NotesAndReminders.DataBase", "NotesAndReminders.DataBase\NotesAndReminders.DataBase.csproj", "{2819B2B7-BF8A-4E83-97A2-5D8E7AB2E6F0}"
EndProject
Global
	GlobalSection(SolutionConfigurationPlatforms) = preSolution
		Debug|Any CPU = Debug|Any CPU
		Release|Any CPU = Release|Any CPU
	EndGlobalSection
	GlobalSection(ProjectConfigurationPlatforms) = postSolution
		{58055322-A6B9-4A8F-9E47-CA65EDF7C467}.Debug|Any CPU.ActiveCfg = Debug|Any CPU
		{58055322-A6B9-4A8F-9E47-CA65EDF7C467}.Debug|Any CPU.Build.0 = Debug|Any CPU
		{58055322-A6B9-4A8F-9E47-CA65EDF7C467}.Release|Any CPU.ActiveCfg = Release|Any CPU
		{58055322-A6B9-4A8F-9E47-CA65EDF7C467}.Release|Any CPU.Build.0 = Release|Any CPU
		{782B959E-C332-4C12-900B-8B595A2AFEF9}.Debug|Any CPU.ActiveCfg = Debug|Any CPU
		{782B959E-C332-4C12-900B-8B595A2AFEF9}.Debug|Any CPU.Build.0 = Debug|Any CPU
		{782B959E-C332-4C12-900B-8B595A2AFEF9}.Debug|Any CPU.Deploy.0 = Debug|Any CPU
		{782B959E-C332-4C12-900B-8B595A2AFEF9}.Release|Any CPU.ActiveCfg = Release|Any CPU
		{782B959E-C332-4C12-900B-8B595A2AFEF9}.Release|Any CPU.Build.0 = Release|Any CPU
		{782B959E-C332-4C12-900B-8B595A2AFEF9}.Release|Any CPU.Deploy.0 = Release|Any CPU
		{2819B2B7-BF8A-4E83-97A2-5D8E7AB2E6F0}.Debug|Any CPU.ActiveCfg = Debug|Any CPU
		{2819B2B7-BF8A-4E83-97A2-5D8E7AB2E6F0}.Debug|Any CPU.Build.0 = Debug|Any CPU
		{2819B2B7-BF8A-4E83-97A2-5D8E7AB2E6F0}.Release|Any CPU.ActiveCfg = Release|Any CPU
		{2819B2B7-BF8A-4E83-97A2-5D8E7AB2E6F0}.Release|Any CPU.Build.0 = Release|Any CPU
	EndGlobalSection
	GlobalSection(SolutionProperties) = preSolution
		HideSolutionNode = FALSE
	EndGlobalSection
	GlobalSection(ExtensibilityGlobals) = postSolution
		SolutionGuid = {487437A8-FCED-4888-A502-E8FEF8BFBFB2}
	EndGlobalSection
EndGlobal
